
Microsoft Visual Studio Solution File, Format Version 12.00
# Visual Studio Version 16
VisualStudioVersion = 16.0.31321.278
MinimumVisualStudioVersion = 10.0.40219.1
Project("{FAE04EC0-301F-11D3-BF4B-00C04F79EFBC}") = "WpfApp9 - ControlTemplates", "WpfApp9 - ControlTemplates\WpfApp9 - ControlTemplates.csproj", "{79E963C6-F6F7-4974-95FC-2E229D4EC9F1}"
EndProject
Global
	GlobalSection(SolutionConfigurationPlatforms) = preSolution
		Debug|Any CPU = Debug|Any CPU
		Release|Any CPU = Release|Any CPU
	EndGlobalSection
	GlobalSection(ProjectConfigurationPlatforms) = postSolution
		{79E963C6-F6F7-4974-95FC-2E229D4EC9F1}.Debug|Any CPU.ActiveCfg = Debug|Any CPU
		{79E963C6-F6F7-4974-95FC-2E229D4EC9F1}.Debug|Any CPU.Build.0 = Debug|Any CPU
		{79E963C6-F6F7-4974-95FC-2E229D4EC9F1}.Release|Any CPU.ActiveCfg = Release|Any CPU
		{79E963C6-F6F7-4974-95FC-2E229D4EC9F1}.Release|Any CPU.Build.0 = Release|Any CPU
	EndGlobalSection
	GlobalSection(SolutionProperties) = preSolution
		HideSolutionNode = FALSE
	EndGlobalSection
	GlobalSection(ExtensibilityGlobals) = postSolution
		SolutionGuid = {E3BFA235-D83A-405D-A7CE-CFE16B12A1D6}
	EndGlobalSection
EndGlobal
