
Microsoft Visual Studio Solution File, Format Version 12.00
# Visual Studio Version 16
VisualStudioVersion = 16.0.31321.278
MinimumVisualStudioVersion = 10.0.40219.1
Project("{FAE04EC0-301F-11D3-BF4B-00C04F79EFBC}") = "WpfApp6 - Layouts_In_WPF", "WpfApp6 - Layouts_In_WPF\WpfApp6 - Layouts_In_WPF.csproj", "{10CADC3C-D2FB-42B0-AA93-9DE2D70631C7}"
EndProject
Global
	GlobalSection(SolutionConfigurationPlatforms) = preSolution
		Debug|Any CPU = Debug|Any CPU
		Release|Any CPU = Release|Any CPU
	EndGlobalSection
	GlobalSection(ProjectConfigurationPlatforms) = postSolution
		{10CADC3C-D2FB-42B0-AA93-9DE2D70631C7}.Debug|Any CPU.ActiveCfg = Debug|Any CPU
		{10CADC3C-D2FB-42B0-AA93-9DE2D70631C7}.Debug|Any CPU.Build.0 = Debug|Any CPU
		{10CADC3C-D2FB-42B0-AA93-9DE2D70631C7}.Release|Any CPU.ActiveCfg = Release|Any CPU
		{10CADC3C-D2FB-42B0-AA93-9DE2D70631C7}.Release|Any CPU.Build.0 = Release|Any CPU
	EndGlobalSection
	GlobalSection(SolutionProperties) = preSolution
		HideSolutionNode = FALSE
	EndGlobalSection
	GlobalSection(ExtensibilityGlobals) = postSolution
		SolutionGuid = {92238CF5-EE58-44EE-9536-56A8CCF59F51}
	EndGlobalSection
EndGlobal
