
Microsoft Visual Studio Solution File, Format Version 12.00
# Visual Studio Version 16
VisualStudioVersion = 16.0.31321.278
MinimumVisualStudioVersion = 10.0.40219.1
Project("{FAE04EC0-301F-11D3-BF4B-00C04F79EFBC}") = "WpfApp4 - Triggers", "WpfApp4 - Triggers\WpfApp4 - Triggers.csproj", "{11B14841-20EF-4A4C-ABCB-024E7B2B9CE8}"
EndProject
Global
	GlobalSection(SolutionConfigurationPlatforms) = preSolution
		Debug|Any CPU = Debug|Any CPU
		Release|Any CPU = Release|Any CPU
	EndGlobalSection
	GlobalSection(ProjectConfigurationPlatforms) = postSolution
		{11B14841-20EF-4A4C-ABCB-024E7B2B9CE8}.Debug|Any CPU.ActiveCfg = Debug|Any CPU
		{11B14841-20EF-4A4C-ABCB-024E7B2B9CE8}.Debug|Any CPU.Build.0 = Debug|Any CPU
		{11B14841-20EF-4A4C-ABCB-024E7B2B9CE8}.Release|Any CPU.ActiveCfg = Release|Any CPU
		{11B14841-20EF-4A4C-ABCB-024E7B2B9CE8}.Release|Any CPU.Build.0 = Release|Any CPU
	EndGlobalSection
	GlobalSection(SolutionProperties) = preSolution
		HideSolutionNode = FALSE
	EndGlobalSection
	GlobalSection(ExtensibilityGlobals) = postSolution
		SolutionGuid = {ACE69B41-4F81-4EBB-A87B-46413567EB15}
	EndGlobalSection
EndGlobal
