
Microsoft Visual Studio Solution File, Format Version 12.00
# Visual Studio Version 16
VisualStudioVersion = 16.0.31321.278
MinimumVisualStudioVersion = 10.0.40219.1
Project("{FAE04EC0-301F-11D3-BF4B-00C04F79EFBC}") = "WpfApp7 - Dependency_properties", "WpfApp7 - Dependency_properties\WpfApp7 - Dependency_properties.csproj", "{C02F5879-D37B-4043-B0AD-8CD2A9C7BD97}"
EndProject
Global
	GlobalSection(SolutionConfigurationPlatforms) = preSolution
		Debug|Any CPU = Debug|Any CPU
		Release|Any CPU = Release|Any CPU
	EndGlobalSection
	GlobalSection(ProjectConfigurationPlatforms) = postSolution
		{C02F5879-D37B-4043-B0AD-8CD2A9C7BD97}.Debug|Any CPU.ActiveCfg = Debug|Any CPU
		{C02F5879-D37B-4043-B0AD-8CD2A9C7BD97}.Debug|Any CPU.Build.0 = Debug|Any CPU
		{C02F5879-D37B-4043-B0AD-8CD2A9C7BD97}.Release|Any CPU.ActiveCfg = Release|Any CPU
		{C02F5879-D37B-4043-B0AD-8CD2A9C7BD97}.Release|Any CPU.Build.0 = Release|Any CPU
	EndGlobalSection
	GlobalSection(SolutionProperties) = preSolution
		HideSolutionNode = FALSE
	EndGlobalSection
	GlobalSection(ExtensibilityGlobals) = postSolution
		SolutionGuid = {D8317FCA-0984-4D0E-A183-05CAF7316B80}
	EndGlobalSection
EndGlobal
